
Microsoft Visual Studio Solution File, Format Version 12.00
# Visual Studio 15
VisualStudioVersion = 15.0.28010.2003
MinimumVisualStudioVersion = 10.0.40219.1
Project("{FAE04EC0-301F-11D3-BF4B-00C04F79EFBC}") = "GradeAnalysis", "GradeAnalysis\GradeAnalysis.csproj", "{72CDD384-0AD0-472E-BC47-76DAE0AF9062}"
EndProject
Global
	GlobalSection(SolutionConfigurationPlatforms) = preSolution
		Debug|Any CPU = Debug|Any CPU
		Release|Any CPU = Release|Any CPU
	EndGlobalSection
	GlobalSection(ProjectConfigurationPlatforms) = postSolution
		{72CDD384-0AD0-472E-BC47-76DAE0AF9062}.Debug|Any CPU.ActiveCfg = Debug|Any CPU
		{72CDD384-0AD0-472E-BC47-76DAE0AF9062}.Debug|Any CPU.Build.0 = Debug|Any CPU
		{72CDD384-0AD0-472E-BC47-76DAE0AF9062}.Release|Any CPU.ActiveCfg = Release|Any CPU
		{72CDD384-0AD0-472E-BC47-76DAE0AF9062}.Release|Any CPU.Build.0 = Release|Any CPU
	EndGlobalSection
	GlobalSection(SolutionProperties) = preSolution
		HideSolutionNode = FALSE
	EndGlobalSection
	GlobalSection(ExtensibilityGlobals) = postSolution
		SolutionGuid = {D8A54ADB-B782-4AB0-9B00-D4BE99FDEB33}
	EndGlobalSection
EndGlobal
